
Microsoft Visual Studio Solution File, Format Version 12.00
# Visual Studio Version 17
VisualStudioVersion = 17.7.34024.191
MinimumVisualStudioVersion = 10.0.40219.1
Project("{FAE04EC0-301F-11D3-BF4B-00C04F79EFBC}") = "KastleTechnicalCodingAssessment", "KastleTechnicalCodingAssessment\KastleTechnicalCodingAssessment.csproj", "{2F8789F6-1B4E-4770-91BD-9A2673A9F785}"
EndProject
Project("{FAE04EC0-301F-11D3-BF4B-00C04F79EFBC}") = "DAL", "DAL\DAL.csproj", "{F984A25C-EDCF-4E6C-8697-984B26932A8A}"
EndProject
Global
	GlobalSection(SolutionConfigurationPlatforms) = preSolution
		Debug|Any CPU = Debug|Any CPU
		Release|Any CPU = Release|Any CPU
	EndGlobalSection
	GlobalSection(ProjectConfigurationPlatforms) = postSolution
		{2F8789F6-1B4E-4770-91BD-9A2673A9F785}.Debug|Any CPU.ActiveCfg = Debug|Any CPU
		{2F8789F6-1B4E-4770-91BD-9A2673A9F785}.Debug|Any CPU.Build.0 = Debug|Any CPU
		{2F8789F6-1B4E-4770-91BD-9A2673A9F785}.Release|Any CPU.ActiveCfg = Release|Any CPU
		{2F8789F6-1B4E-4770-91BD-9A2673A9F785}.Release|Any CPU.Build.0 = Release|Any CPU
		{F984A25C-EDCF-4E6C-8697-984B26932A8A}.Debug|Any CPU.ActiveCfg = Debug|Any CPU
		{F984A25C-EDCF-4E6C-8697-984B26932A8A}.Debug|Any CPU.Build.0 = Debug|Any CPU
		{F984A25C-EDCF-4E6C-8697-984B26932A8A}.Release|Any CPU.ActiveCfg = Release|Any CPU
		{F984A25C-EDCF-4E6C-8697-984B26932A8A}.Release|Any CPU.Build.0 = Release|Any CPU
	EndGlobalSection
	GlobalSection(SolutionProperties) = preSolution
		HideSolutionNode = FALSE
	EndGlobalSection
	GlobalSection(ExtensibilityGlobals) = postSolution
		SolutionGuid = {F9F82A7D-25F5-4CC6-A211-654D22D95C31}
	EndGlobalSection
EndGlobal
